
Microsoft Visual Studio Solution File, Format Version 12.00
# Visual Studio Version 17
VisualStudioVersion = 17.14.36221.1 d17.14
MinimumVisualStudioVersion = 10.0.40219.1
Project("{FAE04EC0-301F-11D3-BF4B-00C04F79EFBC}") = "AES_GCM_Encryption", "AES_GCM_Encryption.csproj", "{F7078ADB-4D5C-4BDB-8D79-B2D76E307BE3}"
EndProject
Global
	GlobalSection(SolutionConfigurationPlatforms) = preSolution
		Debug|Any CPU = Debug|Any CPU
		Release|Any CPU = Release|Any CPU
	EndGlobalSection
	GlobalSection(ProjectConfigurationPlatforms) = postSolution
		{F7078ADB-4D5C-4BDB-8D79-B2D76E307BE3}.Debug|Any CPU.ActiveCfg = Debug|Any CPU
		{F7078ADB-4D5C-4BDB-8D79-B2D76E307BE3}.Debug|Any CPU.Build.0 = Debug|Any CPU
		{F7078ADB-4D5C-4BDB-8D79-B2D76E307BE3}.Release|Any CPU.ActiveCfg = Release|Any CPU
		{F7078ADB-4D5C-4BDB-8D79-B2D76E307BE3}.Release|Any CPU.Build.0 = Release|Any CPU
	EndGlobalSection
	GlobalSection(SolutionProperties) = preSolution
		HideSolutionNode = FALSE
	EndGlobalSection
	GlobalSection(ExtensibilityGlobals) = postSolution
		SolutionGuid = {4BD89C66-8FE1-4824-B5D0-C0FF0F19479E}
	EndGlobalSection
EndGlobal
